
Microsoft Visual Studio Solution File, Format Version 12.00
# Visual Studio Version 16
VisualStudioVersion = 16.0.29326.143
MinimumVisualStudioVersion = 10.0.40219.1
Project("{FAE04EC0-301F-11D3-BF4B-00C04F79EFBC}") = "Homework", "Homework\Homework.csproj", "{6CB6E58C-CF9F-4B00-A292-23D18EDD1756}"
EndProject
Project("{FAE04EC0-301F-11D3-BF4B-00C04F79EFBC}") = "ConsoleApp1", "ConsoleApp1\ConsoleApp1.csproj", "{CC7B9CC9-56B7-4EE0-A13E-40E1E8E35025}"
EndProject
Project("{FAE04EC0-301F-11D3-BF4B-00C04F79EFBC}") = "k", "k\k.csproj", "{76B9D20C-2646-4527-A005-436B4DEEE99B}"
EndProject
Global
	GlobalSection(SolutionConfigurationPlatforms) = preSolution
		Debug|Any CPU = Debug|Any CPU
		Release|Any CPU = Release|Any CPU
	EndGlobalSection
	GlobalSection(ProjectConfigurationPlatforms) = postSolution
		{6CB6E58C-CF9F-4B00-A292-23D18EDD1756}.Debug|Any CPU.ActiveCfg = Debug|Any CPU
		{6CB6E58C-CF9F-4B00-A292-23D18EDD1756}.Debug|Any CPU.Build.0 = Debug|Any CPU
		{6CB6E58C-CF9F-4B00-A292-23D18EDD1756}.Release|Any CPU.ActiveCfg = Release|Any CPU
		{6CB6E58C-CF9F-4B00-A292-23D18EDD1756}.Release|Any CPU.Build.0 = Release|Any CPU
		{CC7B9CC9-56B7-4EE0-A13E-40E1E8E35025}.Debug|Any CPU.ActiveCfg = Debug|Any CPU
		{CC7B9CC9-56B7-4EE0-A13E-40E1E8E35025}.Debug|Any CPU.Build.0 = Debug|Any CPU
		{CC7B9CC9-56B7-4EE0-A13E-40E1E8E35025}.Release|Any CPU.ActiveCfg = Release|Any CPU
		{CC7B9CC9-56B7-4EE0-A13E-40E1E8E35025}.Release|Any CPU.Build.0 = Release|Any CPU
		{76B9D20C-2646-4527-A005-436B4DEEE99B}.Debug|Any CPU.ActiveCfg = Debug|Any CPU
		{76B9D20C-2646-4527-A005-436B4DEEE99B}.Debug|Any CPU.Build.0 = Debug|Any CPU
		{76B9D20C-2646-4527-A005-436B4DEEE99B}.Release|Any CPU.ActiveCfg = Release|Any CPU
		{76B9D20C-2646-4527-A005-436B4DEEE99B}.Release|Any CPU.Build.0 = Release|Any CPU
	EndGlobalSection
	GlobalSection(SolutionProperties) = preSolution
		HideSolutionNode = FALSE
	EndGlobalSection
	GlobalSection(ExtensibilityGlobals) = postSolution
		SolutionGuid = {8CB0D2E1-60BF-442B-A37E-D137E918057C}
	EndGlobalSection
EndGlobal
