
Microsoft Visual Studio Solution File, Format Version 12.00
# Visual Studio Version 16
VisualStudioVersion = 16.0.29326.143
MinimumVisualStudioVersion = 10.0.40219.1
Project("{FAE04EC0-301F-11D3-BF4B-00C04F79EFBC}") = "StreamReaderWork", "StreamReaderWork\StreamReaderWork.csproj", "{A0849EAF-EE84-4039-B936-0B1DDA7DD54F}"
EndProject
Project("{FAE04EC0-301F-11D3-BF4B-00C04F79EFBC}") = "Riter", "Riter\Riter.csproj", "{B7BA8C36-47AF-4993-A82F-31D7BE427D77}"
EndProject
Global
	GlobalSection(SolutionConfigurationPlatforms) = preSolution
		Debug|Any CPU = Debug|Any CPU
		Release|Any CPU = Release|Any CPU
	EndGlobalSection
	GlobalSection(ProjectConfigurationPlatforms) = postSolution
		{A0849EAF-EE84-4039-B936-0B1DDA7DD54F}.Debug|Any CPU.ActiveCfg = Debug|Any CPU
		{A0849EAF-EE84-4039-B936-0B1DDA7DD54F}.Debug|Any CPU.Build.0 = Debug|Any CPU
		{A0849EAF-EE84-4039-B936-0B1DDA7DD54F}.Release|Any CPU.ActiveCfg = Release|Any CPU
		{A0849EAF-EE84-4039-B936-0B1DDA7DD54F}.Release|Any CPU.Build.0 = Release|Any CPU
		{B7BA8C36-47AF-4993-A82F-31D7BE427D77}.Debug|Any CPU.ActiveCfg = Debug|Any CPU
		{B7BA8C36-47AF-4993-A82F-31D7BE427D77}.Debug|Any CPU.Build.0 = Debug|Any CPU
		{B7BA8C36-47AF-4993-A82F-31D7BE427D77}.Release|Any CPU.ActiveCfg = Release|Any CPU
		{B7BA8C36-47AF-4993-A82F-31D7BE427D77}.Release|Any CPU.Build.0 = Release|Any CPU
	EndGlobalSection
	GlobalSection(SolutionProperties) = preSolution
		HideSolutionNode = FALSE
	EndGlobalSection
	GlobalSection(ExtensibilityGlobals) = postSolution
		SolutionGuid = {49F2E07D-A1D1-4CB8-B304-73C8B6D4DCD4}
	EndGlobalSection
EndGlobal
