
Microsoft Visual Studio Solution File, Format Version 12.00
# Visual Studio Version 16
VisualStudioVersion = 16.0.29326.143
MinimumVisualStudioVersion = 10.0.40219.1
Project("{FAE04EC0-301F-11D3-BF4B-00C04F79EFBC}") = "zpitni zadachi", "zpitni zadachi\zpitni zadachi.csproj", "{0F845D2A-C862-40FB-B966-157EF84BF797}"
EndProject
Global
	GlobalSection(SolutionConfigurationPlatforms) = preSolution
		Debug|Any CPU = Debug|Any CPU
		Release|Any CPU = Release|Any CPU
	EndGlobalSection
	GlobalSection(ProjectConfigurationPlatforms) = postSolution
		{0F845D2A-C862-40FB-B966-157EF84BF797}.Debug|Any CPU.ActiveCfg = Debug|Any CPU
		{0F845D2A-C862-40FB-B966-157EF84BF797}.Debug|Any CPU.Build.0 = Debug|Any CPU
		{0F845D2A-C862-40FB-B966-157EF84BF797}.Release|Any CPU.ActiveCfg = Release|Any CPU
		{0F845D2A-C862-40FB-B966-157EF84BF797}.Release|Any CPU.Build.0 = Release|Any CPU
	EndGlobalSection
	GlobalSection(SolutionProperties) = preSolution
		HideSolutionNode = FALSE
	EndGlobalSection
	GlobalSection(ExtensibilityGlobals) = postSolution
		SolutionGuid = {1E8DBC94-0EDF-4256-9901-BAC2AEF3EB13}
	EndGlobalSection
EndGlobal
